
Microsoft Visual Studio Solution File, Format Version 12.00
# Visual Studio 2013
VisualStudioVersion = 12.0.30501.0
MinimumVisualStudioVersion = 10.0.40219.1
Project("{FAE04EC0-301F-11D3-BF4B-00C04F79EFBC}") = "MasterProcess", "MasterWorkerProcessTest\MasterProcess.csproj", "{9A76D32A-E821-4B80-970D-E06A013878B6}"
EndProject
Project("{FAE04EC0-301F-11D3-BF4B-00C04F79EFBC}") = "WorkerProcess", "WorkerProcess\WorkerProcess.csproj", "{5F8915E4-0EDC-4BCE-9190-469C14E15600}"
EndProject
Project("{FAE04EC0-301F-11D3-BF4B-00C04F79EFBC}") = "SharedLib", "SharedLib\SharedLib.csproj", "{5442E9ED-1703-4027-BEA5-A9E0260A0490}"
EndProject
Project("{FAE04EC0-301F-11D3-BF4B-00C04F79EFBC}") = "WorkerProcessTest", "WorkerProcessTest\WorkerProcessTest.csproj", "{E9E66CAA-8015-44EF-8887-A52FA3037447}"
EndProject
Project("{8BC9CEB8-8B4A-11D0-8D11-00A0C91BC942}") = "RestrectedTokenTest", "RestrectedTokenTest\RestrectedTokenTest.vcxproj", "{C0465AC6-E7B1-40F4-9844-A33753E48308}"
EndProject
Project("{8BC9CEB8-8B4A-11D0-8D11-00A0C91BC942}") = "CallPythonTest", "CallPythonTest\CallPythonTest.vcxproj", "{F79244D6-75E9-4233-954F-141BC160C6AD}"
EndProject
Project("{8BC9CEB8-8B4A-11D0-8D11-00A0C91BC942}") = "CalledByCSLibTest", "CalledByCSLib\CalledByCSLib.vcxproj", "{41441868-BB3F-4B4D-94C9-3C6BE4C00900}"
EndProject
Global
	GlobalSection(SolutionConfigurationPlatforms) = preSolution
		Debug|Any CPU = Debug|Any CPU
		Debug|Mixed Platforms = Debug|Mixed Platforms
		Debug|Win32 = Debug|Win32
		Release|Any CPU = Release|Any CPU
		Release|Mixed Platforms = Release|Mixed Platforms
		Release|Win32 = Release|Win32
	EndGlobalSection
	GlobalSection(ProjectConfigurationPlatforms) = postSolution
		{9A76D32A-E821-4B80-970D-E06A013878B6}.Debug|Any CPU.ActiveCfg = Debug|Any CPU
		{9A76D32A-E821-4B80-970D-E06A013878B6}.Debug|Any CPU.Build.0 = Debug|Any CPU
		{9A76D32A-E821-4B80-970D-E06A013878B6}.Debug|Mixed Platforms.ActiveCfg = Debug|Any CPU
		{9A76D32A-E821-4B80-970D-E06A013878B6}.Debug|Mixed Platforms.Build.0 = Debug|Any CPU
		{9A76D32A-E821-4B80-970D-E06A013878B6}.Debug|Win32.ActiveCfg = Debug|Any CPU
		{9A76D32A-E821-4B80-970D-E06A013878B6}.Release|Any CPU.ActiveCfg = Release|Any CPU
		{9A76D32A-E821-4B80-970D-E06A013878B6}.Release|Any CPU.Build.0 = Release|Any CPU
		{9A76D32A-E821-4B80-970D-E06A013878B6}.Release|Mixed Platforms.ActiveCfg = Release|Any CPU
		{9A76D32A-E821-4B80-970D-E06A013878B6}.Release|Mixed Platforms.Build.0 = Release|Any CPU
		{9A76D32A-E821-4B80-970D-E06A013878B6}.Release|Win32.ActiveCfg = Release|Any CPU
		{5F8915E4-0EDC-4BCE-9190-469C14E15600}.Debug|Any CPU.ActiveCfg = Debug|Any CPU
		{5F8915E4-0EDC-4BCE-9190-469C14E15600}.Debug|Any CPU.Build.0 = Debug|Any CPU
		{5F8915E4-0EDC-4BCE-9190-469C14E15600}.Debug|Mixed Platforms.ActiveCfg = Debug|Any CPU
		{5F8915E4-0EDC-4BCE-9190-469C14E15600}.Debug|Mixed Platforms.Build.0 = Debug|Any CPU
		{5F8915E4-0EDC-4BCE-9190-469C14E15600}.Debug|Win32.ActiveCfg = Debug|Any CPU
		{5F8915E4-0EDC-4BCE-9190-469C14E15600}.Release|Any CPU.ActiveCfg = Release|Any CPU
		{5F8915E4-0EDC-4BCE-9190-469C14E15600}.Release|Any CPU.Build.0 = Release|Any CPU
		{5F8915E4-0EDC-4BCE-9190-469C14E15600}.Release|Mixed Platforms.ActiveCfg = Release|Any CPU
		{5F8915E4-0EDC-4BCE-9190-469C14E15600}.Release|Mixed Platforms.Build.0 = Release|Any CPU
		{5F8915E4-0EDC-4BCE-9190-469C14E15600}.Release|Win32.ActiveCfg = Release|Any CPU
		{5442E9ED-1703-4027-BEA5-A9E0260A0490}.Debug|Any CPU.ActiveCfg = Debug|Any CPU
		{5442E9ED-1703-4027-BEA5-A9E0260A0490}.Debug|Any CPU.Build.0 = Debug|Any CPU
		{5442E9ED-1703-4027-BEA5-A9E0260A0490}.Debug|Mixed Platforms.ActiveCfg = Debug|Any CPU
		{5442E9ED-1703-4027-BEA5-A9E0260A0490}.Debug|Mixed Platforms.Build.0 = Debug|Any CPU
		{5442E9ED-1703-4027-BEA5-A9E0260A0490}.Debug|Win32.ActiveCfg = Debug|Any CPU
		{5442E9ED-1703-4027-BEA5-A9E0260A0490}.Release|Any CPU.ActiveCfg = Release|Any CPU
		{5442E9ED-1703-4027-BEA5-A9E0260A0490}.Release|Any CPU.Build.0 = Release|Any CPU
		{5442E9ED-1703-4027-BEA5-A9E0260A0490}.Release|Mixed Platforms.ActiveCfg = Release|Any CPU
		{5442E9ED-1703-4027-BEA5-A9E0260A0490}.Release|Mixed Platforms.Build.0 = Release|Any CPU
		{5442E9ED-1703-4027-BEA5-A9E0260A0490}.Release|Win32.ActiveCfg = Release|Any CPU
		{E9E66CAA-8015-44EF-8887-A52FA3037447}.Debug|Any CPU.ActiveCfg = Debug|Any CPU
		{E9E66CAA-8015-44EF-8887-A52FA3037447}.Debug|Any CPU.Build.0 = Debug|Any CPU
		{E9E66CAA-8015-44EF-8887-A52FA3037447}.Debug|Mixed Platforms.ActiveCfg = Debug|Any CPU
		{E9E66CAA-8015-44EF-8887-A52FA3037447}.Debug|Mixed Platforms.Build.0 = Debug|Any CPU
		{E9E66CAA-8015-44EF-8887-A52FA3037447}.Debug|Win32.ActiveCfg = Debug|Any CPU
		{E9E66CAA-8015-44EF-8887-A52FA3037447}.Release|Any CPU.ActiveCfg = Release|Any CPU
		{E9E66CAA-8015-44EF-8887-A52FA3037447}.Release|Any CPU.Build.0 = Release|Any CPU
		{E9E66CAA-8015-44EF-8887-A52FA3037447}.Release|Mixed Platforms.ActiveCfg = Release|Any CPU
		{E9E66CAA-8015-44EF-8887-A52FA3037447}.Release|Mixed Platforms.Build.0 = Release|Any CPU
		{E9E66CAA-8015-44EF-8887-A52FA3037447}.Release|Win32.ActiveCfg = Release|Any CPU
		{C0465AC6-E7B1-40F4-9844-A33753E48308}.Debug|Any CPU.ActiveCfg = Debug|Win32
		{C0465AC6-E7B1-40F4-9844-A33753E48308}.Debug|Mixed Platforms.ActiveCfg = Debug|Win32
		{C0465AC6-E7B1-40F4-9844-A33753E48308}.Debug|Mixed Platforms.Build.0 = Debug|Win32
		{C0465AC6-E7B1-40F4-9844-A33753E48308}.Debug|Win32.ActiveCfg = Debug|Win32
		{C0465AC6-E7B1-40F4-9844-A33753E48308}.Debug|Win32.Build.0 = Debug|Win32
		{C0465AC6-E7B1-40F4-9844-A33753E48308}.Release|Any CPU.ActiveCfg = Release|Win32
		{C0465AC6-E7B1-40F4-9844-A33753E48308}.Release|Mixed Platforms.ActiveCfg = Release|Win32
		{C0465AC6-E7B1-40F4-9844-A33753E48308}.Release|Mixed Platforms.Build.0 = Release|Win32
		{C0465AC6-E7B1-40F4-9844-A33753E48308}.Release|Win32.ActiveCfg = Release|Win32
		{C0465AC6-E7B1-40F4-9844-A33753E48308}.Release|Win32.Build.0 = Release|Win32
		{F79244D6-75E9-4233-954F-141BC160C6AD}.Debug|Any CPU.ActiveCfg = Debug|Win32
		{F79244D6-75E9-4233-954F-141BC160C6AD}.Debug|Mixed Platforms.ActiveCfg = Debug|Win32
		{F79244D6-75E9-4233-954F-141BC160C6AD}.Debug|Mixed Platforms.Build.0 = Debug|Win32
		{F79244D6-75E9-4233-954F-141BC160C6AD}.Debug|Win32.ActiveCfg = Debug|Win32
		{F79244D6-75E9-4233-954F-141BC160C6AD}.Debug|Win32.Build.0 = Debug|Win32
		{F79244D6-75E9-4233-954F-141BC160C6AD}.Release|Any CPU.ActiveCfg = Release|Win32
		{F79244D6-75E9-4233-954F-141BC160C6AD}.Release|Mixed Platforms.ActiveCfg = Release|Win32
		{F79244D6-75E9-4233-954F-141BC160C6AD}.Release|Mixed Platforms.Build.0 = Release|Win32
		{F79244D6-75E9-4233-954F-141BC160C6AD}.Release|Win32.ActiveCfg = Release|Win32
		{F79244D6-75E9-4233-954F-141BC160C6AD}.Release|Win32.Build.0 = Release|Win32
		{41441868-BB3F-4B4D-94C9-3C6BE4C00900}.Debug|Any CPU.ActiveCfg = Debug|Win32
		{41441868-BB3F-4B4D-94C9-3C6BE4C00900}.Debug|Mixed Platforms.ActiveCfg = Debug|Win32
		{41441868-BB3F-4B4D-94C9-3C6BE4C00900}.Debug|Mixed Platforms.Build.0 = Debug|Win32
		{41441868-BB3F-4B4D-94C9-3C6BE4C00900}.Debug|Win32.ActiveCfg = Debug|Win32
		{41441868-BB3F-4B4D-94C9-3C6BE4C00900}.Debug|Win32.Build.0 = Debug|Win32
		{41441868-BB3F-4B4D-94C9-3C6BE4C00900}.Release|Any CPU.ActiveCfg = Release|Win32
		{41441868-BB3F-4B4D-94C9-3C6BE4C00900}.Release|Mixed Platforms.ActiveCfg = Release|Win32
		{41441868-BB3F-4B4D-94C9-3C6BE4C00900}.Release|Mixed Platforms.Build.0 = Release|Win32
		{41441868-BB3F-4B4D-94C9-3C6BE4C00900}.Release|Win32.ActiveCfg = Release|Win32
		{41441868-BB3F-4B4D-94C9-3C6BE4C00900}.Release|Win32.Build.0 = Release|Win32
	EndGlobalSection
	GlobalSection(SolutionProperties) = preSolution
		HideSolutionNode = FALSE
	EndGlobalSection
EndGlobal
